<?xml version="1.0" encoding="UTF-8"?>
<!DOCTYPE plist PUBLIC "-//Apple//DTD PLIST 1.0//EN" "http://www.apple.com/DTDs/PropertyList-1.0.dtd">
<plist version="1.0">
<dict>
	<key>archiveVersion</key>
	<string>1</string>
	<key>classes</key>
	<dict/>
	<key>objectVersion</key>
	<string>46</string>
	<key>objects</key>
	<dict>
		<key>15CAB5084ABAF54AC622210E</key>
		<dict>
			<key>buildActionMask</key>
			<string>2147483647</string>
			<key>files</key>
			<array/>
			<key>inputPaths</key>
			<array/>
			<key>isa</key>
			<string>PBXShellScriptBuildPhase</string>
			<key>name</key>
			<string>Embed Pods Frameworks</string>
			<key>outputPaths</key>
			<array/>
			<key>runOnlyForDeploymentPostprocessing</key>
			<string>0</string>
			<key>shellPath</key>
			<string>/bin/sh</string>
			<key>shellScript</key>
			<string>"${SRCROOT}/Pods/Target Support Files/Pods-CarouSell-test/Pods-CarouSell-test-frameworks.sh"
</string>
			<key>showEnvVarsInLog</key>
			<string>0</string>
		</dict>
		<key>1C91DBFCF56AE2118E99DDD5</key>
		<dict>
			<key>includeInIndex</key>
			<string>1</string>
			<key>isa</key>
			<string>PBXFileReference</string>
			<key>lastKnownFileType</key>
			<string>text.xcconfig</string>
			<key>name</key>
			<string>Pods-CarouSell-test.debug.xcconfig</string>
			<key>path</key>
			<string>Pods/Target Support Files/Pods-CarouSell-test/Pods-CarouSell-test.debug.xcconfig</string>
			<key>sourceTree</key>
			<string>&lt;group&gt;</string>
		</dict>
		<key>3DC148C92BE305B1AD391E45</key>
		<dict>
			<key>children</key>
			<array>
				<string>1C91DBFCF56AE2118E99DDD5</string>
				<string>80E41E918E5EFA095C125FAE</string>
			</array>
			<key>isa</key>
			<string>PBXGroup</string>
			<key>name</key>
			<string>Pods</string>
			<key>sourceTree</key>
			<string>&lt;group&gt;</string>
		</dict>
		<key>5D0A444C6E0E2DF4BEE3EB08</key>
		<dict>
			<key>buildActionMask</key>
			<string>2147483647</string>
			<key>files</key>
			<array/>
			<key>inputPaths</key>
			<array/>
			<key>isa</key>
			<string>PBXShellScriptBuildPhase</string>
			<key>name</key>
			<string>Check Pods Manifest.lock</string>
			<key>outputPaths</key>
			<array/>
			<key>runOnlyForDeploymentPostprocessing</key>
			<string>0</string>
			<key>shellPath</key>
			<string>/bin/sh</string>
			<key>shellScript</key>
			<string>diff "${PODS_ROOT}/../Podfile.lock" "${PODS_ROOT}/Manifest.lock" &gt; /dev/null
if [[ $? != 0 ]] ; then
    cat &lt;&lt; EOM
error: The sandbox is not in sync with the Podfile.lock. Run 'pod install' or update your CocoaPods installation.
EOM
    exit 1
fi
</string>
			<key>showEnvVarsInLog</key>
			<string>0</string>
		</dict>
		<key>5D65B171368A76476401AF3F</key>
		<dict>
			<key>explicitFileType</key>
			<string>wrapper.framework</string>
			<key>includeInIndex</key>
			<string>0</string>
			<key>isa</key>
			<string>PBXFileReference</string>
			<key>path</key>
			<string>Pods_CarouSell_test.framework</string>
			<key>sourceTree</key>
			<string>BUILT_PRODUCTS_DIR</string>
		</dict>
		<key>75A2C5A11CB5FD69005DBADA</key>
		<dict>
			<key>children</key>
			<array>
				<string>75A2C5AC1CB5FD69005DBADA</string>
				<string>75A2C5AB1CB5FD69005DBADA</string>
				<string>3DC148C92BE305B1AD391E45</string>
				<string>F99077492B149CB26FB86ACD</string>
			</array>
			<key>isa</key>
			<string>PBXGroup</string>
			<key>sourceTree</key>
			<string>&lt;group&gt;</string>
		</dict>
		<key>75A2C5A21CB5FD69005DBADA</key>
		<dict>
			<key>attributes</key>
			<dict>
				<key>LastSwiftUpdateCheck</key>
				<string>0730</string>
				<key>LastUpgradeCheck</key>
				<string>0730</string>
				<key>ORGANIZATIONNAME</key>
				<string>stephanie yang</string>
				<key>TargetAttributes</key>
				<dict>
					<key>75A2C5A91CB5FD69005DBADA</key>
					<dict>
						<key>CreatedOnToolsVersion</key>
						<string>7.3</string>
					</dict>
				</dict>
			</dict>
			<key>buildConfigurationList</key>
			<string>75A2C5A51CB5FD69005DBADA</string>
			<key>compatibilityVersion</key>
			<string>Xcode 3.2</string>
			<key>developmentRegion</key>
			<string>English</string>
			<key>hasScannedForEncodings</key>
			<string>0</string>
			<key>isa</key>
			<string>PBXProject</string>
			<key>knownRegions</key>
			<array>
				<string>en</string>
				<string>Base</string>
			</array>
			<key>mainGroup</key>
			<string>75A2C5A11CB5FD69005DBADA</string>
			<key>productRefGroup</key>
			<string>75A2C5AB1CB5FD69005DBADA</string>
			<key>projectDirPath</key>
			<string></string>
			<key>projectReferences</key>
			<array/>
			<key>projectRoot</key>
			<string></string>
			<key>targets</key>
			<array>
				<string>75A2C5A91CB5FD69005DBADA</string>
			</array>
		</dict>
		<key>75A2C5A51CB5FD69005DBADA</key>
		<dict>
			<key>buildConfigurations</key>
			<array>
				<string>75A2C5BA1CB5FD69005DBADA</string>
				<string>75A2C5BB1CB5FD69005DBADA</string>
			</array>
			<key>defaultConfigurationIsVisible</key>
			<string>0</string>
			<key>defaultConfigurationName</key>
			<string>Release</string>
			<key>isa</key>
			<string>XCConfigurationList</string>
		</dict>
		<key>75A2C5A61CB5FD69005DBADA</key>
		<dict>
			<key>buildActionMask</key>
			<string>2147483647</string>
			<key>files</key>
			<array>
				<string>75A2C5B01CB5FD69005DBADA</string>
				<string>75A2C5C21CB605C9005DBADA</string>
				<string>75A2C5AE1CB5FD69005DBADA</string>
				<string>75A2C5D01CB616ED005DBADA</string>
				<string>75A2C5CD1CB60788005DBADA</string>
			</array>
			<key>isa</key>
			<string>PBXSourcesBuildPhase</string>
			<key>runOnlyForDeploymentPostprocessing</key>
			<string>0</string>
		</dict>
		<key>75A2C5A71CB5FD69005DBADA</key>
		<dict>
			<key>buildActionMask</key>
			<string>2147483647</string>
			<key>files</key>
			<array>
				<string>B3105184620F75B3CEC644B6</string>
			</array>
			<key>isa</key>
			<string>PBXFrameworksBuildPhase</string>
			<key>runOnlyForDeploymentPostprocessing</key>
			<string>0</string>
		</dict>
		<key>75A2C5A81CB5FD69005DBADA</key>
		<dict>
			<key>buildActionMask</key>
			<string>2147483647</string>
			<key>files</key>
			<array>
				<string>75A2C5CE1CB60788005DBADA</string>
				<string>75A2C5B81CB5FD69005DBADA</string>
				<string>75A2C5C01CB5FDC3005DBADA</string>
				<string>75A2C5B51CB5FD69005DBADA</string>
				<string>75A2C5B31CB5FD69005DBADA</string>
			</array>
			<key>isa</key>
			<string>PBXResourcesBuildPhase</string>
			<key>runOnlyForDeploymentPostprocessing</key>
			<string>0</string>
		</dict>
		<key>75A2C5A91CB5FD69005DBADA</key>
		<dict>
			<key>buildConfigurationList</key>
			<string>75A2C5BC1CB5FD69005DBADA</string>
			<key>buildPhases</key>
			<array>
				<string>5D0A444C6E0E2DF4BEE3EB08</string>
				<string>75A2C5A61CB5FD69005DBADA</string>
				<string>75A2C5A71CB5FD69005DBADA</string>
				<string>75A2C5A81CB5FD69005DBADA</string>
				<string>15CAB5084ABAF54AC622210E</string>
				<string>D5749460F4B734B90E9D9D6B</string>
			</array>
			<key>buildRules</key>
			<array/>
			<key>dependencies</key>
			<array/>
			<key>isa</key>
			<string>PBXNativeTarget</string>
			<key>name</key>
			<string>CarouSell-test</string>
			<key>productName</key>
			<string>CarouSell-test</string>
			<key>productReference</key>
			<string>75A2C5AA1CB5FD69005DBADA</string>
			<key>productType</key>
			<string>com.apple.product-type.application</string>
		</dict>
		<key>75A2C5AA1CB5FD69005DBADA</key>
		<dict>
			<key>explicitFileType</key>
			<string>wrapper.application</string>
			<key>includeInIndex</key>
			<string>0</string>
			<key>isa</key>
			<string>PBXFileReference</string>
			<key>path</key>
			<string>CarouSell-test.app</string>
			<key>sourceTree</key>
			<string>BUILT_PRODUCTS_DIR</string>
		</dict>
		<key>75A2C5AB1CB5FD69005DBADA</key>
		<dict>
			<key>children</key>
			<array>
				<string>75A2C5AA1CB5FD69005DBADA</string>
			</array>
			<key>isa</key>
			<string>PBXGroup</string>
			<key>name</key>
			<string>Products</string>
			<key>sourceTree</key>
			<string>&lt;group&gt;</string>
		</dict>
		<key>75A2C5AC1CB5FD69005DBADA</key>
		<dict>
			<key>children</key>
			<array>
				<string>75A2C5AD1CB5FD69005DBADA</string>
				<string>75A2C5AF1CB5FD69005DBADA</string>
				<string>75A2C5B11CB5FD69005DBADA</string>
				<string>75A2C5BF1CB5FDC3005DBADA</string>
				<string>75A2C5C11CB605C9005DBADA</string>
				<string>75A2C5B41CB5FD69005DBADA</string>
				<string>75A2C5CB1CB60788005DBADA</string>
				<string>75A2C5CC1CB60788005DBADA</string>
				<string>75A2C5CF1CB616ED005DBADA</string>
				<string>75A2C5B61CB5FD69005DBADA</string>
				<string>75A2C5B91CB5FD69005DBADA</string>
			</array>
			<key>isa</key>
			<string>PBXGroup</string>
			<key>path</key>
			<string>CarouSell-test</string>
			<key>sourceTree</key>
			<string>&lt;group&gt;</string>
		</dict>
		<key>75A2C5AD1CB5FD69005DBADA</key>
		<dict>
			<key>isa</key>
			<string>PBXFileReference</string>
			<key>lastKnownFileType</key>
			<string>sourcecode.swift</string>
			<key>path</key>
			<string>AppDelegate.swift</string>
			<key>sourceTree</key>
			<string>&lt;group&gt;</string>
		</dict>
		<key>75A2C5AE1CB5FD69005DBADA</key>
		<dict>
			<key>fileRef</key>
			<string>75A2C5AD1CB5FD69005DBADA</string>
			<key>isa</key>
			<string>PBXBuildFile</string>
		</dict>
		<key>75A2C5AF1CB5FD69005DBADA</key>
		<dict>
			<key>isa</key>
			<string>PBXFileReference</string>
			<key>lastKnownFileType</key>
			<string>sourcecode.swift</string>
			<key>path</key>
			<string>ViewController.swift</string>
			<key>sourceTree</key>
			<string>&lt;group&gt;</string>
		</dict>
		<key>75A2C5B01CB5FD69005DBADA</key>
		<dict>
			<key>fileRef</key>
			<string>75A2C5AF1CB5FD69005DBADA</string>
			<key>isa</key>
			<string>PBXBuildFile</string>
		</dict>
		<key>75A2C5B11CB5FD69005DBADA</key>
		<dict>
			<key>children</key>
			<array>
				<string>75A2C5B21CB5FD69005DBADA</string>
			</array>
			<key>isa</key>
			<string>PBXVariantGroup</string>
			<key>name</key>
			<string>Main.storyboard</string>
			<key>sourceTree</key>
			<string>&lt;group&gt;</string>
		</dict>
		<key>75A2C5B21CB5FD69005DBADA</key>
		<dict>
			<key>isa</key>
			<string>PBXFileReference</string>
			<key>lastKnownFileType</key>
			<string>file.storyboard</string>
			<key>name</key>
			<string>Base</string>
			<key>path</key>
			<string>Base.lproj/Main.storyboard</string>
			<key>sourceTree</key>
			<string>&lt;group&gt;</string>
		</dict>
		<key>75A2C5B31CB5FD69005DBADA</key>
		<dict>
			<key>fileRef</key>
			<string>75A2C5B11CB5FD69005DBADA</string>
			<key>isa</key>
			<string>PBXBuildFile</string>
		</dict>
		<key>75A2C5B41CB5FD69005DBADA</key>
		<dict>
			<key>isa</key>
			<string>PBXFileReference</string>
			<key>lastKnownFileType</key>
			<string>folder.assetcatalog</string>
			<key>path</key>
			<string>Assets.xcassets</string>
			<key>sourceTree</key>
			<string>&lt;group&gt;</string>
		</dict>
		<key>75A2C5B51CB5FD69005DBADA</key>
		<dict>
			<key>fileRef</key>
			<string>75A2C5B41CB5FD69005DBADA</string>
			<key>isa</key>
			<string>PBXBuildFile</string>
		</dict>
		<key>75A2C5B61CB5FD69005DBADA</key>
		<dict>
			<key>children</key>
			<array>
				<string>75A2C5B71CB5FD69005DBADA</string>
			</array>
			<key>isa</key>
			<string>PBXVariantGroup</string>
			<key>name</key>
			<string>LaunchScreen.storyboard</string>
			<key>sourceTree</key>
			<string>&lt;group&gt;</string>
		</dict>
		<key>75A2C5B71CB5FD69005DBADA</key>
		<dict>
			<key>isa</key>
			<string>PBXFileReference</string>
			<key>lastKnownFileType</key>
			<string>file.storyboard</string>
			<key>name</key>
			<string>Base</string>
			<key>path</key>
			<string>Base.lproj/LaunchScreen.storyboard</string>
			<key>sourceTree</key>
			<string>&lt;group&gt;</string>
		</dict>
		<key>75A2C5B81CB5FD69005DBADA</key>
		<dict>
			<key>fileRef</key>
			<string>75A2C5B61CB5FD69005DBADA</string>
			<key>isa</key>
			<string>PBXBuildFile</string>
		</dict>
		<key>75A2C5B91CB5FD69005DBADA</key>
		<dict>
			<key>isa</key>
			<string>PBXFileReference</string>
			<key>lastKnownFileType</key>
			<string>text.plist.xml</string>
			<key>path</key>
			<string>Info.plist</string>
			<key>sourceTree</key>
			<string>&lt;group&gt;</string>
		</dict>
		<key>75A2C5BA1CB5FD69005DBADA</key>
		<dict>
			<key>buildSettings</key>
			<dict>
				<key>ALWAYS_SEARCH_USER_PATHS</key>
				<string>NO</string>
				<key>CLANG_ANALYZER_NONNULL</key>
				<string>YES</string>
				<key>CLANG_CXX_LANGUAGE_STANDARD</key>
				<string>gnu++0x</string>
				<key>CLANG_CXX_LIBRARY</key>
				<string>libc++</string>
				<key>CLANG_ENABLE_MODULES</key>
				<string>YES</string>
				<key>CLANG_ENABLE_OBJC_ARC</key>
				<string>YES</string>
				<key>CLANG_WARN_BOOL_CONVERSION</key>
				<string>YES</string>
				<key>CLANG_WARN_CONSTANT_CONVERSION</key>
				<string>YES</string>
				<key>CLANG_WARN_DIRECT_OBJC_ISA_USAGE</key>
				<string>YES_ERROR</string>
				<key>CLANG_WARN_EMPTY_BODY</key>
				<string>YES</string>
				<key>CLANG_WARN_ENUM_CONVERSION</key>
				<string>YES</string>
				<key>CLANG_WARN_INT_CONVERSION</key>
				<string>YES</string>
				<key>CLANG_WARN_OBJC_ROOT_CLASS</key>
				<string>YES_ERROR</string>
				<key>CLANG_WARN_UNREACHABLE_CODE</key>
				<string>YES</string>
				<key>CLANG_WARN__DUPLICATE_METHOD_MATCH</key>
				<string>YES</string>
				<key>CODE_SIGN_IDENTITY[sdk=iphoneos*]</key>
				<string>iPhone Developer</string>
				<key>COPY_PHASE_STRIP</key>
				<string>NO</string>
				<key>DEBUG_INFORMATION_FORMAT</key>
				<string>dwarf</string>
				<key>ENABLE_STRICT_OBJC_MSGSEND</key>
				<string>YES</string>
				<key>ENABLE_TESTABILITY</key>
				<string>YES</string>
				<key>GCC_C_LANGUAGE_STANDARD</key>
				<string>gnu99</string>
				<key>GCC_DYNAMIC_NO_PIC</key>
				<string>NO</string>
				<key>GCC_NO_COMMON_BLOCKS</key>
				<string>YES</string>
				<key>GCC_OPTIMIZATION_LEVEL</key>
				<string>0</string>
				<key>GCC_PREPROCESSOR_DEFINITIONS</key>
				<array>
					<string>DEBUG=1</string>
					<string>$(inherited)</string>
				</array>
				<key>GCC_WARN_64_TO_32_BIT_CONVERSION</key>
				<string>YES</string>
				<key>GCC_WARN_ABOUT_RETURN_TYPE</key>
				<string>YES_ERROR</string>
				<key>GCC_WARN_UNDECLARED_SELECTOR</key>
				<string>YES</string>
				<key>GCC_WARN_UNINITIALIZED_AUTOS</key>
				<string>YES_AGGRESSIVE</string>
				<key>GCC_WARN_UNUSED_FUNCTION</key>
				<string>YES</string>
				<key>GCC_WARN_UNUSED_VARIABLE</key>
				<string>YES</string>
				<key>IPHONEOS_DEPLOYMENT_TARGET</key>
				<string>9.3</string>
				<key>MTL_ENABLE_DEBUG_INFO</key>
				<string>YES</string>
				<key>ONLY_ACTIVE_ARCH</key>
				<string>YES</string>
				<key>SDKROOT</key>
				<string>iphoneos</string>
				<key>SWIFT_OPTIMIZATION_LEVEL</key>
				<string>-Onone</string>
			</dict>
			<key>isa</key>
			<string>XCBuildConfiguration</string>
			<key>name</key>
			<string>Debug</string>
		</dict>
		<key>75A2C5BB1CB5FD69005DBADA</key>
		<dict>
			<key>buildSettings</key>
			<dict>
				<key>ALWAYS_SEARCH_USER_PATHS</key>
				<string>NO</string>
				<key>CLANG_ANALYZER_NONNULL</key>
				<string>YES</string>
				<key>CLANG_CXX_LANGUAGE_STANDARD</key>
				<string>gnu++0x</string>
				<key>CLANG_CXX_LIBRARY</key>
				<string>libc++</string>
				<key>CLANG_ENABLE_MODULES</key>
				<string>YES</string>
				<key>CLANG_ENABLE_OBJC_ARC</key>
				<string>YES</string>
				<key>CLANG_WARN_BOOL_CONVERSION</key>
				<string>YES</string>
				<key>CLANG_WARN_CONSTANT_CONVERSION</key>
				<string>YES</string>
				<key>CLANG_WARN_DIRECT_OBJC_ISA_USAGE</key>
				<string>YES_ERROR</string>
				<key>CLANG_WARN_EMPTY_BODY</key>
				<string>YES</string>
				<key>CLANG_WARN_ENUM_CONVERSION</key>
				<string>YES</string>
				<key>CLANG_WARN_INT_CONVERSION</key>
				<string>YES</string>
				<key>CLANG_WARN_OBJC_ROOT_CLASS</key>
				<string>YES_ERROR</string>
				<key>CLANG_WARN_UNREACHABLE_CODE</key>
				<string>YES</string>
				<key>CLANG_WARN__DUPLICATE_METHOD_MATCH</key>
				<string>YES</string>
				<key>CODE_SIGN_IDENTITY[sdk=iphoneos*]</key>
				<string>iPhone Developer</string>
				<key>COPY_PHASE_STRIP</key>
				<string>NO</string>
				<key>DEBUG_INFORMATION_FORMAT</key>
				<string>dwarf-with-dsym</string>
				<key>ENABLE_NS_ASSERTIONS</key>
				<string>NO</string>
				<key>ENABLE_STRICT_OBJC_MSGSEND</key>
				<string>YES</string>
				<key>GCC_C_LANGUAGE_STANDARD</key>
				<string>gnu99</string>
				<key>GCC_NO_COMMON_BLOCKS</key>
				<string>YES</string>
				<key>GCC_WARN_64_TO_32_BIT_CONVERSION</key>
				<string>YES</string>
				<key>GCC_WARN_ABOUT_RETURN_TYPE</key>
				<string>YES_ERROR</string>
				<key>GCC_WARN_UNDECLARED_SELECTOR</key>
				<string>YES</string>
				<key>GCC_WARN_UNINITIALIZED_AUTOS</key>
				<string>YES_AGGRESSIVE</string>
				<key>GCC_WARN_UNUSED_FUNCTION</key>
				<string>YES</string>
				<key>GCC_WARN_UNUSED_VARIABLE</key>
				<string>YES</string>
				<key>IPHONEOS_DEPLOYMENT_TARGET</key>
				<string>9.3</string>
				<key>MTL_ENABLE_DEBUG_INFO</key>
				<string>NO</string>
				<key>SDKROOT</key>
				<string>iphoneos</string>
				<key>VALIDATE_PRODUCT</key>
				<string>YES</string>
			</dict>
			<key>isa</key>
			<string>XCBuildConfiguration</string>
			<key>name</key>
			<string>Release</string>
		</dict>
		<key>75A2C5BC1CB5FD69005DBADA</key>
		<dict>
			<key>buildConfigurations</key>
			<array>
				<string>75A2C5BD1CB5FD69005DBADA</string>
				<string>75A2C5BE1CB5FD69005DBADA</string>
			</array>
			<key>defaultConfigurationIsVisible</key>
			<string>0</string>
			<key>isa</key>
			<string>XCConfigurationList</string>
		</dict>
		<key>75A2C5BD1CB5FD69005DBADA</key>
		<dict>
			<key>baseConfigurationReference</key>
			<string>1C91DBFCF56AE2118E99DDD5</string>
			<key>buildSettings</key>
			<dict>
				<key>ASSETCATALOG_COMPILER_APPICON_NAME</key>
				<string>AppIcon</string>
				<key>INFOPLIST_FILE</key>
				<string>CarouSell-test/Info.plist</string>
				<key>LD_RUNPATH_SEARCH_PATHS</key>
				<string>$(inherited) @executable_path/Frameworks</string>
				<key>PRODUCT_BUNDLE_IDENTIFIER</key>
				<string>co.alphacamp.CarouSell-test</string>
				<key>PRODUCT_NAME</key>
				<string>$(TARGET_NAME)</string>
			</dict>
			<key>isa</key>
			<string>XCBuildConfiguration</string>
			<key>name</key>
			<string>Debug</string>
		</dict>
		<key>75A2C5BE1CB5FD69005DBADA</key>
		<dict>
			<key>baseConfigurationReference</key>
			<string>80E41E918E5EFA095C125FAE</string>
			<key>buildSettings</key>
			<dict>
				<key>ASSETCATALOG_COMPILER_APPICON_NAME</key>
				<string>AppIcon</string>
				<key>INFOPLIST_FILE</key>
				<string>CarouSell-test/Info.plist</string>
				<key>LD_RUNPATH_SEARCH_PATHS</key>
				<string>$(inherited) @executable_path/Frameworks</string>
				<key>PRODUCT_BUNDLE_IDENTIFIER</key>
				<string>co.alphacamp.CarouSell-test</string>
				<key>PRODUCT_NAME</key>
				<string>$(TARGET_NAME)</string>
			</dict>
			<key>isa</key>
			<string>XCBuildConfiguration</string>
			<key>name</key>
			<string>Release</string>
		</dict>
		<key>75A2C5BF1CB5FDC3005DBADA</key>
		<dict>
			<key>fileEncoding</key>
			<string>4</string>
			<key>isa</key>
			<string>PBXFileReference</string>
			<key>lastKnownFileType</key>
			<string>file.storyboard</string>
			<key>path</key>
			<string>Registration.storyboard</string>
			<key>sourceTree</key>
			<string>&lt;group&gt;</string>
		</dict>
		<key>75A2C5C01CB5FDC3005DBADA</key>
		<dict>
			<key>fileRef</key>
			<string>75A2C5BF1CB5FDC3005DBADA</string>
			<key>isa</key>
			<string>PBXBuildFile</string>
		</dict>
		<key>75A2C5C11CB605C9005DBADA</key>
		<dict>
			<key>fileEncoding</key>
			<string>4</string>
			<key>isa</key>
			<string>PBXFileReference</string>
			<key>lastKnownFileType</key>
			<string>sourcecode.swift</string>
			<key>path</key>
			<string>Registration.swift</string>
			<key>sourceTree</key>
			<string>&lt;group&gt;</string>
		</dict>
		<key>75A2C5C21CB605C9005DBADA</key>
		<dict>
			<key>fileRef</key>
			<string>75A2C5C11CB605C9005DBADA</string>
			<key>isa</key>
			<string>PBXBuildFile</string>
		</dict>
		<key>75A2C5CB1CB60788005DBADA</key>
		<dict>
			<key>fileEncoding</key>
			<string>4</string>
			<key>isa</key>
			<string>PBXFileReference</string>
			<key>lastKnownFileType</key>
			<string>sourcecode.swift</string>
			<key>path</key>
			<string>PageCollectionViewCell.swift</string>
			<key>sourceTree</key>
			<string>&lt;group&gt;</string>
		</dict>
		<key>75A2C5CC1CB60788005DBADA</key>
		<dict>
			<key>fileEncoding</key>
			<string>4</string>
			<key>isa</key>
			<string>PBXFileReference</string>
			<key>lastKnownFileType</key>
			<string>file.xib</string>
			<key>path</key>
			<string>PageCollectionViewCell.xib</string>
			<key>sourceTree</key>
			<string>&lt;group&gt;</string>
		</dict>
		<key>75A2C5CD1CB60788005DBADA</key>
		<dict>
			<key>fileRef</key>
			<string>75A2C5CB1CB60788005DBADA</string>
			<key>isa</key>
			<string>PBXBuildFile</string>
		</dict>
		<key>75A2C5CE1CB60788005DBADA</key>
		<dict>
			<key>fileRef</key>
			<string>75A2C5CC1CB60788005DBADA</string>
			<key>isa</key>
			<string>PBXBuildFile</string>
		</dict>
		<key>75A2C5CF1CB616ED005DBADA</key>
		<dict>
			<key>fileEncoding</key>
			<string>4</string>
			<key>isa</key>
			<string>PBXFileReference</string>
			<key>lastKnownFileType</key>
			<string>sourcecode.swift</string>
			<key>path</key>
			<string>constants.swift</string>
			<key>sourceTree</key>
			<string>&lt;group&gt;</string>
		</dict>
		<key>75A2C5D01CB616ED005DBADA</key>
		<dict>
			<key>fileRef</key>
			<string>75A2C5CF1CB616ED005DBADA</string>
			<key>isa</key>
			<string>PBXBuildFile</string>
		</dict>
		<key>80E41E918E5EFA095C125FAE</key>
		<dict>
			<key>includeInIndex</key>
			<string>1</string>
			<key>isa</key>
			<string>PBXFileReference</string>
			<key>lastKnownFileType</key>
			<string>text.xcconfig</string>
			<key>name</key>
			<string>Pods-CarouSell-test.release.xcconfig</string>
			<key>path</key>
			<string>Pods/Target Support Files/Pods-CarouSell-test/Pods-CarouSell-test.release.xcconfig</string>
			<key>sourceTree</key>
			<string>&lt;group&gt;</string>
		</dict>
		<key>B3105184620F75B3CEC644B6</key>
		<dict>
			<key>fileRef</key>
			<string>5D65B171368A76476401AF3F</string>
			<key>isa</key>
			<string>PBXBuildFile</string>
		</dict>
		<key>D5749460F4B734B90E9D9D6B</key>
		<dict>
			<key>buildActionMask</key>
			<string>2147483647</string>
			<key>files</key>
			<array/>
			<key>inputPaths</key>
			<array/>
			<key>isa</key>
			<string>PBXShellScriptBuildPhase</string>
			<key>name</key>
			<string>Copy Pods Resources</string>
			<key>outputPaths</key>
			<array/>
			<key>runOnlyForDeploymentPostprocessing</key>
			<string>0</string>
			<key>shellPath</key>
			<string>/bin/sh</string>
			<key>shellScript</key>
			<string>"${SRCROOT}/Pods/Target Support Files/Pods-CarouSell-test/Pods-CarouSell-test-resources.sh"
</string>
			<key>showEnvVarsInLog</key>
			<string>0</string>
		</dict>
		<key>F99077492B149CB26FB86ACD</key>
		<dict>
			<key>children</key>
			<array>
				<string>5D65B171368A76476401AF3F</string>
			</array>
			<key>isa</key>
			<string>PBXGroup</string>
			<key>name</key>
			<string>Frameworks</string>
			<key>sourceTree</key>
			<string>&lt;group&gt;</string>
		</dict>
	</dict>
	<key>rootObject</key>
	<string>75A2C5A21CB5FD69005DBADA</string>
</dict>
</plist>
