// !$*UTF8*$!
{
	archiveVersion = 1;
	classes = {
	};
	objectVersion = 46;
	objects = {

/* Begin PBXBuildFile section */
		75A2C5AE1CB5FD69005DBADA /* AppDelegate.swift in Sources */ = {isa = PBXBuildFile; fileRef = 75A2C5AD1CB5FD69005DBADA /* AppDelegate.swift */; };
		75A2C5B01CB5FD69005DBADA /* ViewController.swift in Sources */ = {isa = PBXBuildFile; fileRef = 75A2C5AF1CB5FD69005DBADA /* ViewController.swift */; };
		75A2C5B31CB5FD69005DBADA /* Main.storyboard in Resources */ = {isa = PBXBuildFile; fileRef = 75A2C5B11CB5FD69005DBADA /* Main.storyboard */; };
		75A2C5B51CB5FD69005DBADA /* Assets.xcassets in Resources */ = {isa = PBXBuildFile; fileRef = 75A2C5B41CB5FD69005DBADA /* Assets.xcassets */; };
		75A2C5B81CB5FD69005DBADA /* LaunchScreen.storyboard in Resources */ = {isa = PBXBuildFile; fileRef = 75A2C5B61CB5FD69005DBADA /* LaunchScreen.storyboard */; };
		75A2C5C01CB5FDC3005DBADA /* Registration.storyboard in Resources */ = {isa = PBXBuildFile; fileRef = 75A2C5BF1CB5FDC3005DBADA /* Registration.storyboard */; };
		75A2C5C21CB605C9005DBADA /* Registration.swift in Sources */ = {isa = PBXBuildFile; fileRef = 75A2C5C11CB605C9005DBADA /* Registration.swift */; };
		75A2C5CD1CB60788005DBADA /* PageCollectionViewCell.swift in Sources */ = {isa = PBXBuildFile; fileRef = 75A2C5CB1CB60788005DBADA /* PageCollectionViewCell.swift */; };
		75A2C5CE1CB60788005DBADA /* PageCollectionViewCell.xib in Resources */ = {isa = PBXBuildFile; fileRef = 75A2C5CC1CB60788005DBADA /* PageCollectionViewCell.xib */; };
/* End PBXBuildFile section */

/* Begin PBXFileReference section */
		75A2C5AA1CB5FD69005DBADA /* CarouSell-test.app */ = {isa = PBXFileReference; explicitFileType = wrapper.application; includeInIndex = 0; path = "CarouSell-test.app"; sourceTree = BUILT_PRODUCTS_DIR; };
		75A2C5AD1CB5FD69005DBADA /* AppDelegate.swift */ = {isa = PBXFileReference; lastKnownFileType = sourcecode.swift; path = AppDelegate.swift; sourceTree = "<group>"; };
		75A2C5AF1CB5FD69005DBADA /* ViewController.swift */ = {isa = PBXFileReference; lastKnownFileType = sourcecode.swift; path = ViewController.swift; sourceTree = "<group>"; };
		75A2C5B21CB5FD69005DBADA /* Base */ = {isa = PBXFileReference; lastKnownFileType = file.storyboard; name = Base; path = Base.lproj/Main.storyboard; sourceTree = "<group>"; };
		75A2C5B41CB5FD69005DBADA /* Assets.xcassets */ = {isa = PBXFileReference; lastKnownFileType = folder.assetcatalog; path = Assets.xcassets; sourceTree = "<group>"; };
		75A2C5B71CB5FD69005DBADA /* Base */ = {isa = PBXFileReference; lastKnownFileType = file.storyboard; name = Base; path = Base.lproj/LaunchScreen.storyboard; sourceTree = "<group>"; };
		75A2C5B91CB5FD69005DBADA /* Info.plist */ = {isa = PBXFileReference; lastKnownFileType = text.plist.xml; path = Info.plist; sourceTree = "<group>"; };
		75A2C5BF1CB5FDC3005DBADA /* Registration.storyboard */ = {isa = PBXFileReference; fileEncoding = 4; lastKnownFileType = file.storyboard; path = Registration.storyboard; sourceTree = "<group>"; };
		75A2C5C11CB605C9005DBADA /* Registration.swift */ = {isa = PBXFileReference; fileEncoding = 4; lastKnownFileType = sourcecode.swift; path = Registration.swift; sourceTree = "<group>"; };
		75A2C5CB1CB60788005DBADA /* PageCollectionViewCell.swift */ = {isa = PBXFileReference; fileEncoding = 4; lastKnownFileType = sourcecode.swift; path = PageCollectionViewCell.swift; sourceTree = "<group>"; };
		75A2C5CC1CB60788005DBADA /* PageCollectionViewCell.xib */ = {isa = PBXFileReference; fileEncoding = 4; lastKnownFileType = file.xib; path = PageCollectionViewCell.xib; sourceTree = "<group>"; };
/* End PBXFileReference section */

/* Begin PBXFrameworksBuildPhase section */
		75A2C5A71CB5FD69005DBADA /* Frameworks */ = {
			isa = PBXFrameworksBuildPhase;
			buildActionMask = 2147483647;
			files = (
			);
			runOnlyForDeploymentPostprocessing = 0;
		};
/* End PBXFrameworksBuildPhase section */

/* Begin PBXGroup section */
		75A2C5A11CB5FD69005DBADA = {
			isa = PBXGroup;
			children = (
				75A2C5AC1CB5FD69005DBADA /* CarouSell-test */,
				75A2C5AB1CB5FD69005DBADA /* Products */,
			);
			sourceTree = "<group>";
		};
		75A2C5AB1CB5FD69005DBADA /* Products */ = {
			isa = PBXGroup;
			children = (
				75A2C5AA1CB5FD69005DBADA /* CarouSell-test.app */,
			);
			name = Products;
			sourceTree = "<group>";
		};
		75A2C5AC1CB5FD69005DBADA /* CarouSell-test */ = {
			isa = PBXGroup;
			children = (
				75A2C5AD1CB5FD69005DBADA /* AppDelegate.swift */,
				75A2C5AF1CB5FD69005DBADA /* ViewController.swift */,
				75A2C5B11CB5FD69005DBADA /* Main.storyboard */,
				75A2C5BF1CB5FDC3005DBADA /* Registration.storyboard */,
				75A2C5C11CB605C9005DBADA /* Registration.swift */,
				75A2C5B41CB5FD69005DBADA /* Assets.xcassets */,
				75A2C5B61CB5FD69005DBADA /* LaunchScreen.storyboard */,
				75A2C5B91CB5FD69005DBADA /* Info.plist */,
				75A2C5CB1CB60788005DBADA /* PageCollectionViewCell.swift */,
				75A2C5CC1CB60788005DBADA /* PageCollectionViewCell.xib */,
			);
			path = "CarouSell-test";
			sourceTree = "<group>";
		};
/* End PBXGroup section */

/* Begin PBXNativeTarget section */
		75A2C5A91CB5FD69005DBADA /* CarouSell-test */ = {
			isa = PBXNativeTarget;
			buildConfigurationList = 75A2C5BC1CB5FD69005DBADA /* Build configuration list for PBXNativeTarget "CarouSell-test" */;
			buildPhases = (
				75A2C5A61CB5FD69005DBADA /* Sources */,
				75A2C5A71CB5FD69005DBADA /* Frameworks */,
				75A2C5A81CB5FD69005DBADA /* Resources */,
			);
			buildRules = (
			);
			dependencies = (
			);
			name = "CarouSell-test";
			productName = "CarouSell-test";
			productReference = 75A2C5AA1CB5FD69005DBADA /* CarouSell-test.app */;
			productType = "com.apple.product-type.application";
		};
/* End PBXNativeTarget section */

/* Begin PBXProject section */
		75A2C5A21CB5FD69005DBADA /* Project object */ = {
			isa = PBXProject;
			attributes = {
				LastSwiftUpdateCheck = 0730;
				LastUpgradeCheck = 0730;
				ORGANIZATIONNAME = "stephanie yang";
				TargetAttributes = {
					75A2C5A91CB5FD69005DBADA = {
						CreatedOnToolsVersion = 7.3;
					};
				};
			};
			buildConfigurationList = 75A2C5A51CB5FD69005DBADA /* Build configuration list for PBXProject "CarouSell-test" */;
			compatibilityVersion = "Xcode 3.2";
			developmentRegion = English;
			hasScannedForEncodings = 0;
			knownRegions = (
				en,
				Base,
			);
			mainGroup = 75A2C5A11CB5FD69005DBADA;
			productRefGroup = 75A2C5AB1CB5FD69005DBADA /* Products */;
			projectDirPath = "";
			projectRoot = "";
			targets = (
				75A2C5A91CB5FD69005DBADA /* CarouSell-test */,
			);
		};
/* End PBXProject section */

/* Begin PBXResourcesBuildPhase section */
		75A2C5A81CB5FD69005DBADA /* Resources */ = {
			isa = PBXResourcesBuildPhase;
			buildActionMask = 2147483647;
			files = (
				75A2C5CE1CB60788005DBADA /* PageCollectionViewCell.xib in Resources */,
				75A2C5B81CB5FD69005DBADA /* LaunchScreen.storyboard in Resources */,
				75A2C5C01CB5FDC3005DBADA /* Registration.storyboard in Resources */,
				75A2C5B51CB5FD69005DBADA /* Assets.xcassets in Resources */,
				75A2C5B31CB5FD69005DBADA /* Main.storyboard in Resources */,
			);
			runOnlyForDeploymentPostprocessing = 0;
		};
/* End PBXResourcesBuildPhase section */

/* Begin PBXSourcesBuildPhase section */
		75A2C5A61CB5FD69005DBADA /* Sources */ = {
			isa = PBXSourcesBuildPhase;
			buildActionMask = 2147483647;
			files = (
				75A2C5B01CB5FD69005DBADA /* ViewController.swift in Sources */,
				75A2C5C21CB605C9005DBADA /* Registration.swift in Sources */,
				75A2C5AE1CB5FD69005DBADA /* AppDelegate.swift in Sources */,
				75A2C5CD1CB60788005DBADA /* PageCollectionViewCell.swift in Sources */,
			);
			runOnlyForDeploymentPostprocessing = 0;
		};
/* End PBXSourcesBuildPhase section */

/* Begin PBXVariantGroup section */
		75A2C5B11CB5FD69005DBADA /* Main.storyboard */ = {
			isa = PBXVariantGroup;
			children = (
				75A2C5B21CB5FD69005DBADA /* Base */,
			);
			name = Main.storyboard;
			sourceTree = "<group>";
		};
		75A2C5B61CB5FD69005DBADA /* LaunchScreen.storyboard */ = {
			isa = PBXVariantGroup;
			children = (
				75A2C5B71CB5FD69005DBADA /* Base */,
			);
			name = LaunchScreen.storyboard;
			sourceTree = "<group>";
		};
/* End PBXVariantGroup section */

/* Begin XCBuildConfiguration section */
		75A2C5BA1CB5FD69005DBADA /* Debug */ = {
			isa = XCBuildConfiguration;
			buildSettings = {
				ALWAYS_SEARCH_USER_PATHS = NO;
				CLANG_ANALYZER_NONNULL = YES;
				CLANG_CXX_LANGUAGE_STANDARD = "gnu++0x";
				CLANG_CXX_LIBRARY = "libc++";
				CLANG_ENABLE_MODULES = YES;
				CLANG_ENABLE_OBJC_ARC = YES;
				CLANG_WARN_BOOL_CONVERSION = YES;
				CLANG_WARN_CONSTANT_CONVERSION = YES;
				CLANG_WARN_DIRECT_OBJC_ISA_USAGE = YES_ERROR;
				CLANG_WARN_EMPTY_BODY = YES;
				CLANG_WARN_ENUM_CONVERSION = YES;
				CLANG_WARN_INT_CONVERSION = YES;
				CLANG_WARN_OBJC_ROOT_CLASS = YES_ERROR;
				CLANG_WARN_UNREACHABLE_CODE = YES;
				CLANG_WARN__DUPLICATE_METHOD_MATCH = YES;
				"CODE_SIGN_IDENTITY[sdk=iphoneos*]" = "iPhone Developer";
				COPY_PHASE_STRIP = NO;
				DEBUG_INFORMATION_FORMAT = dwarf;
				ENABLE_STRICT_OBJC_MSGSEND = YES;
				ENABLE_TESTABILITY = YES;
				GCC_C_LANGUAGE_STANDARD = gnu99;
				GCC_DYNAMIC_NO_PIC = NO;
				GCC_NO_COMMON_BLOCKS = YES;
				GCC_OPTIMIZATION_LEVEL = 0;
				GCC_PREPROCESSOR_DEFINITIONS = (
					"DEBUG=1",
					"$(inherited)",
				);
				GCC_WARN_64_TO_32_BIT_CONVERSION = YES;
				GCC_WARN_ABOUT_RETURN_TYPE = YES_ERROR;
				GCC_WARN_UNDECLARED_SELECTOR = YES;
				GCC_WARN_UNINITIALIZED_AUTOS = YES_AGGRESSIVE;
				GCC_WARN_UNUSED_FUNCTION = YES;
				GCC_WARN_UNUSED_VARIABLE = YES;
				IPHONEOS_DEPLOYMENT_TARGET = 9.3;
				MTL_ENABLE_DEBUG_INFO = YES;
				ONLY_ACTIVE_ARCH = YES;
				SDKROOT = iphoneos;
				SWIFT_OPTIMIZATION_LEVEL = "-Onone";
			};
			name = Debug;
		};
		75A2C5BB1CB5FD69005DBADA /* Release */ = {
			isa = XCBuildConfiguration;
			buildSettings = {
				ALWAYS_SEARCH_USER_PATHS = NO;
				CLANG_ANALYZER_NONNULL = YES;
				CLANG_CXX_LANGUAGE_STANDARD = "gnu++0x";
				CLANG_CXX_LIBRARY = "libc++";
				CLANG_ENABLE_MODULES = YES;
				CLANG_ENABLE_OBJC_ARC = YES;
				CLANG_WARN_BOOL_CONVERSION = YES;
				CLANG_WARN_CONSTANT_CONVERSION = YES;
				CLANG_WARN_DIRECT_OBJC_ISA_USAGE = YES_ERROR;
				CLANG_WARN_EMPTY_BODY = YES;
				CLANG_WARN_ENUM_CONVERSION = YES;
				CLANG_WARN_INT_CONVERSION = YES;
				CLANG_WARN_OBJC_ROOT_CLASS = YES_ERROR;
				CLANG_WARN_UNREACHABLE_CODE = YES;
				CLANG_WARN__DUPLICATE_METHOD_MATCH = YES;
				"CODE_SIGN_IDENTITY[sdk=iphoneos*]" = "iPhone Developer";
				COPY_PHASE_STRIP = NO;
				DEBUG_INFORMATION_FORMAT = "dwarf-with-dsym";
				ENABLE_NS_ASSERTIONS = NO;
				ENABLE_STRICT_OBJC_MSGSEND = YES;
				GCC_C_LANGUAGE_STANDARD = gnu99;
				GCC_NO_COMMON_BLOCKS = YES;
				GCC_WARN_64_TO_32_BIT_CONVERSION = YES;
				GCC_WARN_ABOUT_RETURN_TYPE = YES_ERROR;
				GCC_WARN_UNDECLARED_SELECTOR = YES;
				GCC_WARN_UNINITIALIZED_AUTOS = YES_AGGRESSIVE;
				GCC_WARN_UNUSED_FUNCTION = YES;
				GCC_WARN_UNUSED_VARIABLE = YES;
				IPHONEOS_DEPLOYMENT_TARGET = 9.3;
				MTL_ENABLE_DEBUG_INFO = NO;
				SDKROOT = iphoneos;
				VALIDATE_PRODUCT = YES;
			};
			name = Release;
		};
		75A2C5BD1CB5FD69005DBADA /* Debug */ = {
			isa = XCBuildConfiguration;
			buildSettings = {
				ASSETCATALOG_COMPILER_APPICON_NAME = AppIcon;
				INFOPLIST_FILE = "CarouSell-test/Info.plist";
				LD_RUNPATH_SEARCH_PATHS = "$(inherited) @executable_path/Frameworks";
				PRODUCT_BUNDLE_IDENTIFIER = "co.alphacamp.CarouSell-test";
				PRODUCT_NAME = "$(TARGET_NAME)";
			};
			name = Debug;
		};
		75A2C5BE1CB5FD69005DBADA /* Release */ = {
			isa = XCBuildConfiguration;
			buildSettings = {
				ASSETCATALOG_COMPILER_APPICON_NAME = AppIcon;
				INFOPLIST_FILE = "CarouSell-test/Info.plist";
				LD_RUNPATH_SEARCH_PATHS = "$(inherited) @executable_path/Frameworks";
				PRODUCT_BUNDLE_IDENTIFIER = "co.alphacamp.CarouSell-test";
				PRODUCT_NAME = "$(TARGET_NAME)";
			};
			name = Release;
		};
/* End XCBuildConfiguration section */

/* Begin XCConfigurationList section */
		75A2C5A51CB5FD69005DBADA /* Build configuration list for PBXProject "CarouSell-test" */ = {
			isa = XCConfigurationList;
			buildConfigurations = (
				75A2C5BA1CB5FD69005DBADA /* Debug */,
				75A2C5BB1CB5FD69005DBADA /* Release */,
			);
			defaultConfigurationIsVisible = 0;
			defaultConfigurationName = Release;
		};
		75A2C5BC1CB5FD69005DBADA /* Build configuration list for PBXNativeTarget "CarouSell-test" */ = {
			isa = XCConfigurationList;
			buildConfigurations = (
				75A2C5BD1CB5FD69005DBADA /* Debug */,
				75A2C5BE1CB5FD69005DBADA /* Release */,
			);
			defaultConfigurationIsVisible = 0;
		};
/* End XCConfigurationList section */
	};
	rootObject = 75A2C5A21CB5FD69005DBADA /* Project object */;
}
